// !$*UTF8*$!
{
	archiveVersion = 1;
	classes = {
	};
	objectVersion = 46;
	objects = {

/* Begin PBXBuildFile section */
		37F6DECF22BEEDF100952CC5 /* CurrentValueRelay.swift in Sources */ = {isa = PBXBuildFile; fileRef = 37F6DECC22BEEDF100952CC5 /* CurrentValueRelay.swift */; };
		37F6DED022BEEDF100952CC5 /* PassthroughRelay.swift in Sources */ = {isa = PBXBuildFile; fileRef = 37F6DECD22BEEDF100952CC5 /* PassthroughRelay.swift */; };
		37F6DED122BEEDF100952CC5 /* Relay.swift in Sources */ = {isa = PBXBuildFile; fileRef = 37F6DECE22BEEDF100952CC5 /* Relay.swift */; };
/* End PBXBuildFile section */

/* Begin PBXFileReference section */
		37F6DECC22BEEDF100952CC5 /* CurrentValueRelay.swift */ = {isa = PBXFileReference; fileEncoding = 4; lastKnownFileType = sourcecode.swift; path = CurrentValueRelay.swift; sourceTree = "<group>"; };
		37F6DECD22BEEDF100952CC5 /* PassthroughRelay.swift */ = {isa = PBXFileReference; fileEncoding = 4; lastKnownFileType = sourcecode.swift; path = PassthroughRelay.swift; sourceTree = "<group>"; };
		37F6DECE22BEEDF100952CC5 /* Relay.swift */ = {isa = PBXFileReference; fileEncoding = 4; lastKnownFileType = sourcecode.swift; path = Relay.swift; sourceTree = "<group>"; };
		OBJ_6 /* Package.swift */ = {isa = PBXFileReference; explicitFileType = sourcecode.swift; path = Package.swift; sourceTree = "<group>"; };
		OBJ_8 /* release.xcconfig */ = {isa = PBXFileReference; lastKnownFileType = text.xcconfig; name = release.xcconfig; path = Resources/release.xcconfig; sourceTree = "<group>"; };
		OBJ_82 /* Resources */ = {isa = PBXFileReference; lastKnownFileType = folder; path = Resources; sourceTree = SOURCE_ROOT; };
		OBJ_89 /* README.md */ = {isa = PBXFileReference; lastKnownFileType = net.daringfireball.markdown; path = README.md; sourceTree = "<group>"; };
		"Relay::Relay::Product" /* Relay.framework */ = {isa = PBXFileReference; explicitFileType = wrapper.framework; path = Relay.framework; sourceTree = BUILT_PRODUCTS_DIR; };
/* End PBXFileReference section */

/* Begin PBXFrameworksBuildPhase section */
		OBJ_117 /* Frameworks */ = {
			isa = PBXFrameworksBuildPhase;
			buildActionMask = 0;
			files = (
			);
			runOnlyForDeploymentPostprocessing = 0;
		};
/* End PBXFrameworksBuildPhase section */

/* Begin PBXGroup section */
		OBJ_10 /* Relay */ = {
			isa = PBXGroup;
			children = (
				37F6DECC22BEEDF100952CC5 /* CurrentValueRelay.swift */,
				37F6DECD22BEEDF100952CC5 /* PassthroughRelay.swift */,
				37F6DECE22BEEDF100952CC5 /* Relay.swift */,
			);
			name = Relay;
			path = Sources/Relay;
			sourceTree = SOURCE_ROOT;
		};
		OBJ_5 = {
			isa = PBXGroup;
			children = (
				OBJ_6 /* Package.swift */,
				OBJ_7 /* Configs */,
				OBJ_9 /* Sources */,
				OBJ_78 /* Products */,
				OBJ_82 /* Resources */,
				OBJ_89 /* README.md */,
			);
			sourceTree = "<group>";
		};
		OBJ_7 /* Configs */ = {
			isa = PBXGroup;
			children = (
				OBJ_8 /* release.xcconfig */,
			);
			name = Configs;
			sourceTree = "<group>";
		};
		OBJ_78 /* Products */ = {
			isa = PBXGroup;
			children = (
				"Relay::Relay::Product" /* Relay.framework */,
			);
			name = Products;
			sourceTree = BUILT_PRODUCTS_DIR;
		};
		OBJ_9 /* Sources */ = {
			isa = PBXGroup;
			children = (
				OBJ_10 /* Relay */,
			);
			name = Sources;
			sourceTree = SOURCE_ROOT;
		};
/* End PBXGroup section */

/* Begin PBXNativeTarget section */
		"Relay::Relay" /* Relay */ = {
			isa = PBXNativeTarget;
			buildConfigurationList = OBJ_91 /* Build configuration list for PBXNativeTarget "Relay" */;
			buildPhases = (
				OBJ_94 /* Sources */,
				OBJ_117 /* Frameworks */,
			);
			buildRules = (
			);
			dependencies = (
			);
			name = Relay;
			productName = Relay;
			productReference = "Relay::Relay::Product" /* Relay.framework */;
			productType = "com.apple.product-type.framework";
		};
/* End PBXNativeTarget section */

/* Begin PBXProject section */
		OBJ_1 /* Project object */ = {
			isa = PBXProject;
			attributes = {
				LastSwiftMigration = 9999;
				LastUpgradeCheck = 9999;
				TargetAttributes = {
					"Relay::Relay" = {
						LastSwiftMigration = 1100;
					};
				};
			};
			buildConfigurationList = OBJ_2 /* Build configuration list for PBXProject "Relay" */;
			compatibilityVersion = "Xcode 3.2";
			developmentRegion = English;
			hasScannedForEncodings = 0;
			knownRegions = (
				English,
				en,
			);
			mainGroup = OBJ_5;
			productRefGroup = OBJ_78 /* Products */;
			projectDirPath = "";
			projectRoot = "";
			targets = (
				"Relay::Relay" /* Relay */,
			);
		};
/* End PBXProject section */

/* Begin PBXSourcesBuildPhase section */
		OBJ_94 /* Sources */ = {
			isa = PBXSourcesBuildPhase;
			buildActionMask = 0;
			files = (
				37F6DED022BEEDF100952CC5 /* PassthroughRelay.swift in Sources */,
				37F6DED122BEEDF100952CC5 /* Relay.swift in Sources */,
				37F6DECF22BEEDF100952CC5 /* CurrentValueRelay.swift in Sources */,
			);
			runOnlyForDeploymentPostprocessing = 0;
		};
/* End PBXSourcesBuildPhase section */

/* Begin XCBuildConfiguration section */
		OBJ_3 /* Debug */ = {
			isa = XCBuildConfiguration;
			buildSettings = {
				DYLIB_INSTALL_NAME_BASE = "@rpath";
			};
			name = Debug;
		};
		OBJ_4 /* Release */ = {
			isa = XCBuildConfiguration;
			buildSettings = {
				DYLIB_INSTALL_NAME_BASE = "@rpath";
			};
			name = Release;
		};
		OBJ_92 /* Debug */ = {
			isa = XCBuildConfiguration;
			baseConfigurationReference = OBJ_8 /* release.xcconfig */;
			buildSettings = {
				INFOPLIST_FILE = Resources/Info.plist;
				PRODUCT_BUNDLE_IDENTIFIER = Relay;
				PRODUCT_MODULE_NAME = "$(TARGET_NAME:c99extidentifier)";
				PRODUCT_NAME = "$(TARGET_NAME:c99extidentifier)";
				TARGET_NAME = Relay;
			};
			name = Debug;
		};
		OBJ_93 /* Release */ = {
			isa = XCBuildConfiguration;
			baseConfigurationReference = OBJ_8 /* release.xcconfig */;
			buildSettings = {
				INFOPLIST_FILE = Resources/Info.plist;
				PRODUCT_BUNDLE_IDENTIFIER = Relay;
				PRODUCT_MODULE_NAME = "$(TARGET_NAME:c99extidentifier)";
				PRODUCT_NAME = "$(TARGET_NAME:c99extidentifier)";
				TARGET_NAME = Relay;
			};
			name = Release;
		};
/* End XCBuildConfiguration section */

/* Begin XCConfigurationList section */
		OBJ_2 /* Build configuration list for PBXProject "Relay" */ = {
			isa = XCConfigurationList;
			buildConfigurations = (
				OBJ_3 /* Debug */,
				OBJ_4 /* Release */,
			);
			defaultConfigurationIsVisible = 0;
			defaultConfigurationName = Release;
		};
		OBJ_91 /* Build configuration list for PBXNativeTarget "Relay" */ = {
			isa = XCConfigurationList;
			buildConfigurations = (
				OBJ_92 /* Debug */,
				OBJ_93 /* Release */,
			);
			defaultConfigurationIsVisible = 0;
			defaultConfigurationName = Release;
		};
/* End XCConfigurationList section */
	};
	rootObject = OBJ_1 /* Project object */;
}
